hash: b189dcef39e18580f83d2aaf2d6585f3839870b15d5cd32b004b435dbcb5ce3d
updated: 2017-06-26T16:26:38.344507933-04:00
imports:
- name: github.com/Azure/azure-sdk-for-go
  version: b558f7a651d50f9b2256b1f45abfef9e92efdfae
- name: github.com/Azure/go-autorest
  version: 10791a4516e77c53ab10f198f144804cca3d5b43
  subpackages:
  - autorest
  - autorest/adal
  - autorest/azure
  - autorest/date
  - autorest/validation
- name: github.com/bradfitz/gomemcache
  version: 1952afaa557dc08e8e0d89eafab110fb501c1a2b
  subpackages:
  - memcache
- name: github.com/dgrijalva/jwt-go
  version: 01aeca54ebda6e0fbfafd0a524d234159c05ec20
- name: github.com/garyburd/redigo
  version: ac91d6ff49bd0d278a90201de77a4f8ad9628e25
  subpackages:
  - internal
  - redis
- name: github.com/go-redis/redis
  version: e14976b254c5bc5f399dd0ae9314b1d02a176897
  subpackages:
  - internal
  - internal/consistenthash
  - internal/hashtag
  - internal/pool
  - internal/proto
- name: github.com/gorilla/context
  version: 08b5f424b9271eedf6f9f0ce86cb9396ed337a42
- name: github.com/gorilla/mux
  version: 8c683ee571b6ee7ffc9f1cafd13103c422e71cbf
- name: github.com/kelseyhightower/envconfig
  version: 70f0258d44cbaa3b6a2581d82f58da01a38e4de4
- name: github.com/lib/pq
  version: 8837942c3e09574accbc5f150e2c5e057189cace
- name: github.com/RichardKnop/logging
  version: 8692ae85bb7c50aadb496ffd6fb58a76300eaab1
- name: github.com/RichardKnop/machinery
  version: bbdc469fc5ec89871a303ef2f6e33ad3f4ba89bd
  subpackages:
  - v1
  - v1/backends
  - v1/brokers
  - v1/common
  - v1/config
  - v1/log
  - v1/retry
  - v1/tasks
- name: github.com/satori/go.uuid
  version: 5bf94b69c6b68ee1b541973bb8e1144db23a194b
- name: github.com/streadway/amqp
  version: afe8eee29a74d213b1f3fb2586058157c397da60
- name: github.com/stretchr/testify
  version: e3a8ff8ce36581f87a15341206f205b1da467059
  subpackages:
  - assert
- name: go4.org
  version: 034d17a462f7b2dcd1a4a73553ec5357ff6e6c6e
  subpackages:
  - syncutil
- name: gopkg.in/mgo.v2
  version: 3f83fa5005286a7fe593b055f0d7771a7dce4655
  subpackages:
  - bson
  - internal/json
  - internal/sasl
  - internal/scram
- name: gopkg.in/redsync.v1
  version: 98dabdf1c8574561bf976911c14ff652c47b1ddf
- name: gopkg.in/yaml.v2
  version: cd8b52f8269e0feb286dfeef29f8fe4d5b397e0b
testImports:
- name: github.com/davecgh/go-spew
  version: 346938d642f2ec3594ed81d874461961cd0faa76
  subpackages:
  - spew
- name: github.com/pmezard/go-difflib
  version: 792786c7400a136282c1664665ae0a8db921c6c2
  subpackages:
  - difflib
