# This file is autogenerated, do not edit; changes may be undone by the next 'dep ensure'.


[[projects]]
  branch = "master"
  name = "code.cloudfoundry.org/clock"
  packages = ["."]
  revision = "02e53af36e6c978af692887ed449b74026d76fec"

[[projects]]
  name = "github.com/Azure/azure-sdk-for-go"
  packages = [
    "services/appinsights/mgmt/2015-05-01/insights",
    "services/cognitiveservices/mgmt/2017-04-18/cognitiveservices",
    "services/cosmos-db/mgmt/2015-04-08/documentdb",
    "services/eventhub/mgmt/2017-04-01/eventhub",
    "services/iothub/mgmt/2017-07-01/devices",
    "services/keyvault/mgmt/2016-10-01/keyvault",
    "services/mysql/mgmt/2017-12-01/mysql",
    "services/network/mgmt/2018-01-01/network",
    "services/postgresql/mgmt/2017-12-01/postgresql",
    "services/preview/sql/mgmt/2017-03-01-preview/sql",
    "services/redis/mgmt/2017-10-01/redis",
    "services/resources/mgmt/2017-05-10/resources",
    "services/servicebus/mgmt/2017-04-01/servicebus",
    "services/storage/mgmt/2017-10-01/storage",
    "storage",
    "version"
  ]
  revision = "f912cddf81bffc1569ccd89719a36acb64ca3035"
  version = "v20.2.0"

[[projects]]
  name = "github.com/Azure/go-autorest"
  packages = [
    "autorest",
    "autorest/adal",
    "autorest/azure",
    "autorest/date",
    "autorest/to",
    "autorest/validation",
    "logger",
    "version"
  ]
  revision = "9bc4033dd347c7f416fca46b2f42a043dc1fbdf6"
  version = "v10.15.5"

[[projects]]
  name = "github.com/Masterminds/semver"
  packages = ["."]
  revision = "15d8430ab86497c5c0da827b748823945e1cf1e1"
  version = "v1.4.0"

[[projects]]
  name = "github.com/Masterminds/sprig"
  packages = ["."]
  revision = "efda631a76d70875162cdc25ffa0d0164bf69758"
  version = "v2.14.0"

[[projects]]
  name = "github.com/Microsoft/ApplicationInsights-Go"
  packages = [
    "appinsights",
    "appinsights/contracts"
  ]
  revision = "d2df5d440eda5372f24fcac03839a64d6cb5f7e5"
  version = "v0.4.2"

[[projects]]
  branch = "split-streams"
  name = "github.com/Sirupsen/logrus"
  packages = ["."]
  revision = "9da25b464c10092c58bc53d56e44d04213e84496"
  source = "github.com/krancour/logrus"

[[projects]]
  name = "github.com/aokoli/goutils"
  packages = ["."]
  revision = "3391d3790d23d03408670993e957e8f408993c34"
  version = "v1.0.1"

[[projects]]
  name = "github.com/davecgh/go-spew"
  packages = ["spew"]
  revision = "04cdfd42973bb9c8589fd6a731800cf222fde1a9"

[[projects]]
  name = "github.com/deis/async"
  packages = [
    ".",
    "fake",
    "redis"
  ]
  revision = "e407b15739b9f1a994c3ac7c93dc8f4f439d0762"
  version = "v1.1.0"

[[projects]]
  name = "github.com/denisenkom/go-mssqldb"
  packages = ["."]
  revision = "b49fae7d39756354262c5f385d4cf04f9ac6618b"

[[projects]]
  name = "github.com/dgrijalva/jwt-go"
  packages = ["."]
  revision = "dbeaa9332f19a944acb5736b4456cfcc02140e29"
  version = "v3.1.0"

[[projects]]
  name = "github.com/go-redis/redis"
  packages = [
    ".",
    "internal",
    "internal/consistenthash",
    "internal/hashtag",
    "internal/pool",
    "internal/proto"
  ]
  revision = "35248155a505a84811be81a2aab1c423317447be"
  version = "v6.7.2"

[[projects]]
  name = "github.com/go-sql-driver/mysql"
  packages = ["."]
  revision = "c775fbc0c7ce5256db87cc1645d60147dbb7ca1c"

[[projects]]
  branch = "master"
  name = "github.com/gorilla/context"
  packages = ["."]
  revision = "08b5f424b9271eedf6f9f0ce86cb9396ed337a42"

[[projects]]
  name = "github.com/gorilla/mux"
  packages = ["."]
  revision = "24fca303ac6da784b9e8269f724ddeb0b2eea5e7"
  version = "v1.5.0"

[[projects]]
  branch = "master"
  name = "github.com/huandu/xstrings"
  packages = ["."]
  revision = "d6590c0c31d16526217fa60fbd2067f7afcd78c5"

[[projects]]
  name = "github.com/imdario/mergo"
  packages = ["."]
  revision = "7fe0c75c13abdee74b09fcacef5ea1c6bba6a874"
  version = "0.2.4"

[[projects]]
  name = "github.com/kelseyhightower/envconfig"
  packages = ["."]
  revision = "70f0258d44cbaa3b6a2581d82f58da01a38e4de4"

[[projects]]
  name = "github.com/lib/pq"
  packages = [
    ".",
    "oid"
  ]
  revision = "e42267488fe361b9dc034be7a6bffef5b195bceb"

[[projects]]
  name = "github.com/marstr/guid"
  packages = ["."]
  revision = "8bd9a64bf37eb297b492a4101fb28e80ac0b290f"
  version = "v1.1.0"

[[projects]]
  branch = "master"
  name = "github.com/mitchellh/mapstructure"
  packages = ["."]
  revision = "06020f85339e21b2478f756a78e295255ffa4d6a"

[[projects]]
  name = "github.com/pmezard/go-difflib"
  packages = ["difflib"]
  revision = "d8ed2627bdf02c080bf22230dbb337003b7aba2d"

[[projects]]
  name = "github.com/satori/go.uuid"
  packages = ["."]
  revision = "f58768cc1a7a7e77a3bd49e98cdd21419399b6a3"
  version = "v1.2.0"

[[projects]]
  branch = "master"
  name = "github.com/stretchr/testify"
  packages = ["assert"]
  revision = "890a5c3458b43e6104ff5da8dfa139d013d77544"

[[projects]]
  name = "github.com/urfave/cli"
  packages = ["."]
  revision = "f017f86fccc5a039a98f23311f34fdf78b014f78"

[[projects]]
  name = "golang.org/x/crypto"
  packages = [
    "md4",
    "pbkdf2",
    "scrypt",
    "ssh/terminal"
  ]
  revision = "81e90905daefcd6fd217b62423c0908922eadb30"

[[projects]]
  name = "golang.org/x/net"
  packages = ["context"]
  revision = "859d1a86bb617c0c20d154590c3c5d3fcb670b07"

[[projects]]
  name = "golang.org/x/sys"
  packages = [
    "unix",
    "windows"
  ]
  revision = "9aade4d3a3b7e6d876cd3823ad20ec45fc035402"

[[projects]]
  branch = "v2"
  name = "gopkg.in/mgo.v2"
  packages = [
    ".",
    "bson",
    "internal/json",
    "internal/sasl",
    "internal/scram"
  ]
  revision = "3f83fa5005286a7fe593b055f0d7771a7dce4655"

[solve-meta]
  analyzer-name = "dep"
  analyzer-version = 1
  inputs-digest = "eb5217f5bc44fb817899f394c3605c844a81df32ebde4715ed15b36b778ae653"
  solver-name = "gps-cdcl"
  solver-version = 1
