# This file is autogenerated, do not edit; changes may be undone by the next 'dep ensure'.


[[projects]]
  name = "cloud.google.com/go"
  packages = ["civil"]
  revision = "457ea5c15ccf3b87db582c450e80101989da35f7"
  version = "v0.40.0"

[[projects]]
  branch = "master"
  name = "code.cloudfoundry.org/clock"
  packages = ["."]
  revision = "02e53af36e6c978af692887ed449b74026d76fec"

[[projects]]
  name = "contrib.go.opencensus.io/exporter/ocagent"
  packages = ["."]
  revision = "dcb33c7f3b7cfe67e8a2cea10207ede1b7c40764"
  version = "v0.4.12"

[[projects]]
  name = "github.com/Azure/azure-amqp-common-go"
  packages = [
    ".",
    "aad",
    "auth",
    "cbs",
    "conn",
    "internal",
    "internal/tracing",
    "log",
    "persist",
    "rpc",
    "sas",
    "uuid"
  ]
  revision = "b5ea4829bce0d96bc7b4d11bfc8ccd2afdf0ec4a"
  version = "v1.1.4"

[[projects]]
  name = "github.com/Azure/azure-event-hubs-go"
  packages = [
    ".",
    "atom"
  ]
  revision = "d3d1b70a113ea8a9f2d7443ff7d99ab40f9b6eca"
  version = "v1.3.1"

[[projects]]
  name = "github.com/Azure/azure-sdk-for-go"
  packages = [
    "services/appinsights/mgmt/2015-05-01/insights",
    "services/cognitiveservices/mgmt/2017-04-18/cognitiveservices",
    "services/cosmos-db/mgmt/2015-04-08/documentdb",
    "services/eventhub/mgmt/2017-04-01/eventhub",
    "services/iothub/mgmt/2017-07-01/devices",
    "services/keyvault/mgmt/2016-10-01/keyvault",
    "services/mysql/mgmt/2017-12-01/mysql",
    "services/network/mgmt/2018-01-01/network",
    "services/postgresql/mgmt/2017-12-01/postgresql",
    "services/preview/sql/mgmt/2017-03-01-preview/sql",
    "services/redis/mgmt/2017-10-01/redis",
    "services/resources/mgmt/2017-05-10/resources",
    "services/servicebus/mgmt/2017-04-01/servicebus",
    "services/storage/mgmt/2017-10-01/storage",
    "storage",
    "version"
  ]
  revision = "784a56e5c68f892e337b82c8e1feb5fb6cd7a58a"
  version = "v30.1.0"

[[projects]]
  name = "github.com/Azure/go-autorest"
  packages = [
    "autorest",
    "autorest/adal",
    "autorest/azure",
    "autorest/date",
    "autorest/to",
    "autorest/validation",
    "logger",
    "tracing"
  ]
  revision = "f29a2eccaa178b367df0405778cd85e0af7b4225"
  version = "v12.1.0"

[[projects]]
  name = "github.com/Masterminds/goutils"
  packages = ["."]
  revision = "41ac8693c5c10a92ea1ff5ac3a7f95646f6123b0"
  version = "v1.1.0"

[[projects]]
  name = "github.com/Masterminds/semver"
  packages = ["."]
  revision = "c7af12943936e8c39859482e61f0574c2fd7fc75"
  version = "v1.4.2"

[[projects]]
  name = "github.com/Masterminds/sprig"
  packages = ["."]
  revision = "9f8fceff796fb9f4e992cd2bece016be0121ab74"
  version = "2.19.0"

[[projects]]
  name = "github.com/Microsoft/ApplicationInsights-Go"
  packages = [
    "appinsights",
    "appinsights/contracts"
  ]
  revision = "d2df5d440eda5372f24fcac03839a64d6cb5f7e5"
  version = "v0.4.2"

[[projects]]
  branch = "split-streams"
  name = "github.com/Sirupsen/logrus"
  packages = ["."]
  revision = "9da25b464c10092c58bc53d56e44d04213e84496"
  source = "github.com/krancour/logrus"

[[projects]]
  name = "github.com/census-instrumentation/opencensus-proto"
  packages = [
    "gen-go/agent/common/v1",
    "gen-go/agent/metrics/v1",
    "gen-go/agent/trace/v1",
    "gen-go/metrics/v1",
    "gen-go/resource/v1",
    "gen-go/trace/v1"
  ]
  revision = "a105b96453fe85139acc07b68de48f2cbdd71249"
  version = "v0.2.0"

[[projects]]
  name = "github.com/davecgh/go-spew"
  packages = ["spew"]
  revision = "8991bc29aa16c548c550c7ff78260e27b9ab7c73"
  version = "v1.1.1"

[[projects]]
  name = "github.com/deis/async"
  packages = [
    ".",
    "fake",
    "redis"
  ]
  revision = "e407b15739b9f1a994c3ac7c93dc8f4f439d0762"
  version = "v1.1.0"

[[projects]]
  branch = "master"
  name = "github.com/denisenkom/go-mssqldb"
  packages = [
    ".",
    "internal/cp"
  ]
  revision = "eb9f6a1743f30383c8168cc520ca5db1f744d6f4"

[[projects]]
  name = "github.com/dgrijalva/jwt-go"
  packages = ["."]
  revision = "06ea1031745cb8b3dab3f6a236daf2b0aa468b7e"
  version = "v3.2.0"

[[projects]]
  name = "github.com/go-redis/redis"
  packages = [
    ".",
    "internal",
    "internal/consistenthash",
    "internal/hashtag",
    "internal/pool",
    "internal/proto",
    "internal/util"
  ]
  revision = "75795aa4236dc7341eefac3bbe945e68c99ef9df"
  version = "v6.15.3"

[[projects]]
  name = "github.com/go-sql-driver/mysql"
  packages = ["."]
  revision = "72cd26f257d44c1114970e19afddcd812016007e"
  version = "v1.4.1"

[[projects]]
  name = "github.com/golang/protobuf"
  packages = [
    "jsonpb",
    "proto",
    "protoc-gen-go/descriptor",
    "protoc-gen-go/generator",
    "protoc-gen-go/generator/internal/remap",
    "protoc-gen-go/plugin",
    "ptypes",
    "ptypes/any",
    "ptypes/duration",
    "ptypes/struct",
    "ptypes/timestamp",
    "ptypes/wrappers"
  ]
  revision = "b5d812f8a3706043e23a9cd5babf2e5423744d30"
  version = "v1.3.1"

[[projects]]
  name = "github.com/google/uuid"
  packages = ["."]
  revision = "0cd6bf5da1e1c83f8b45653022c74f71af0538a4"
  version = "v1.1.1"

[[projects]]
  name = "github.com/gorilla/mux"
  packages = ["."]
  revision = "ed099d42384823742bba0bf9a72b53b55c9e2e38"
  version = "v1.7.2"

[[projects]]
  name = "github.com/grpc-ecosystem/grpc-gateway"
  packages = [
    "internal",
    "runtime",
    "utilities"
  ]
  revision = "8fd5fd9d19ce68183a6b0934519dfe7fe6269612"
  version = "v1.9.0"

[[projects]]
  name = "github.com/hashicorp/golang-lru"
  packages = ["simplelru"]
  revision = "7087cb70de9f7a8bc0a10c375cb0d2280a8edf9c"
  version = "v0.5.1"

[[projects]]
  name = "github.com/huandu/xstrings"
  packages = ["."]
  revision = "f02667b379e2fb5916c3cda2cf31e0eb885d79f8"
  version = "v1.2.0"

[[projects]]
  name = "github.com/imdario/mergo"
  packages = ["."]
  revision = "7c29201646fa3de8506f701213473dd407f19646"
  version = "v0.3.7"

[[projects]]
  name = "github.com/jpillora/backoff"
  packages = ["."]
  revision = "8eab2debe79d12b7bd3d10653910df25fa9552ba"
  version = "1.0.0"

[[projects]]
  name = "github.com/kelseyhightower/envconfig"
  packages = ["."]
  revision = "0b417c4ec4a8a82eecc22a1459a504aa55163d61"
  version = "v1.4.0"

[[projects]]
  name = "github.com/lib/pq"
  packages = [
    ".",
    "oid",
    "scram"
  ]
  revision = "bc6a3c0594130b1e34005880bc600b6d3f49fa7f"
  version = "v1.1.1"

[[projects]]
  name = "github.com/mitchellh/mapstructure"
  packages = ["."]
  revision = "3536a929edddb9a5b34bd6861dc4a9647cb459fe"
  version = "v1.1.2"

[[projects]]
  name = "github.com/pkg/errors"
  packages = ["."]
  revision = "ba968bfe8b2f7e042a574c888954fccecfa385b4"
  version = "v0.8.1"

[[projects]]
  name = "github.com/pmezard/go-difflib"
  packages = ["difflib"]
  revision = "792786c7400a136282c1664665ae0a8db921c6c2"
  version = "v1.0.0"

[[projects]]
  name = "github.com/satori/go.uuid"
  packages = ["."]
  revision = "f58768cc1a7a7e77a3bd49e98cdd21419399b6a3"
  version = "v1.2.0"

[[projects]]
  name = "github.com/stretchr/testify"
  packages = ["assert"]
  revision = "ffdc059bfe9ce6a4e144ba849dbedead332c6053"
  version = "v1.3.0"

[[projects]]
  name = "github.com/urfave/cli"
  packages = ["."]
  revision = "cfb38830724cc34fedffe9a2a29fb54fa9169cd1"
  version = "v1.20.0"

[[projects]]
  name = "go.opencensus.io"
  packages = [
    ".",
    "internal",
    "internal/tagencoding",
    "metric/metricdata",
    "metric/metricproducer",
    "plugin/ocgrpc",
    "plugin/ochttp",
    "plugin/ochttp/propagation/b3",
    "plugin/ochttp/propagation/tracecontext",
    "resource",
    "stats",
    "stats/internal",
    "stats/view",
    "tag",
    "trace",
    "trace/internal",
    "trace/propagation",
    "trace/tracestate"
  ]
  revision = "43463a80402d8447b7fce0d2c58edf1687ff0b58"
  version = "v0.19.3"

[[projects]]
  branch = "master"
  name = "golang.org/x/crypto"
  packages = [
    "md4",
    "pbkdf2",
    "pkcs12",
    "pkcs12/internal/rc2",
    "scrypt",
    "ssh/terminal"
  ]
  revision = "f99c8df09eb5bff426315721bfa5f16a99cad32c"

[[projects]]
  branch = "master"
  name = "golang.org/x/net"
  packages = [
    "context",
    "http/httpguts",
    "http2",
    "http2/hpack",
    "idna",
    "internal/timeseries",
    "trace",
    "websocket"
  ]
  revision = "461777fb6f67e8cb9d70cda16573678d085a74cf"

[[projects]]
  branch = "master"
  name = "golang.org/x/sync"
  packages = ["semaphore"]
  revision = "112230192c580c3556b8cee6403af37a4fc5f28c"

[[projects]]
  branch = "master"
  name = "golang.org/x/sys"
  packages = [
    "unix",
    "windows"
  ]
  revision = "93c9922d18aeb82498a065f07aec7ad7fa60dfb7"

[[projects]]
  name = "golang.org/x/text"
  packages = [
    "collate",
    "collate/build",
    "internal/colltab",
    "internal/gen",
    "internal/language",
    "internal/language/compact",
    "internal/tag",
    "internal/triegen",
    "internal/ucd",
    "language",
    "secure/bidirule",
    "transform",
    "unicode/bidi",
    "unicode/cldr",
    "unicode/norm",
    "unicode/rangetable"
  ]
  revision = "342b2e1fbaa52c93f31447ad2c6abc048c63e475"
  version = "v0.3.2"

[[projects]]
  name = "google.golang.org/api"
  packages = ["support/bundler"]
  revision = "aac82e61c0c8fe133c297b4b59316b9f481e1f0a"
  version = "v0.6.0"

[[projects]]
  name = "google.golang.org/appengine"
  packages = ["cloudsql"]
  revision = "b2f4a3cf3c67576a2ee09e1fe62656a5086ce880"
  version = "v1.6.1"

[[projects]]
  branch = "master"
  name = "google.golang.org/genproto"
  packages = [
    "googleapis/api/httpbody",
    "googleapis/rpc/status",
    "protobuf/field_mask"
  ]
  revision = "eb0b1bdb6ae60fcfc41b8d907b50dfb346112301"

[[projects]]
  name = "google.golang.org/grpc"
  packages = [
    ".",
    "balancer",
    "balancer/base",
    "balancer/roundrobin",
    "binarylog/grpc_binarylog_v1",
    "codes",
    "connectivity",
    "credentials",
    "credentials/internal",
    "encoding",
    "encoding/proto",
    "grpclog",
    "internal",
    "internal/backoff",
    "internal/balancerload",
    "internal/binarylog",
    "internal/channelz",
    "internal/envconfig",
    "internal/grpcrand",
    "internal/grpcsync",
    "internal/syscall",
    "internal/transport",
    "keepalive",
    "metadata",
    "naming",
    "peer",
    "resolver",
    "resolver/dns",
    "resolver/passthrough",
    "stats",
    "status",
    "tap"
  ]
  revision = "501c41df7f472c740d0674ff27122f3f48c80ce7"
  version = "v1.21.1"

[[projects]]
  branch = "v2"
  name = "gopkg.in/mgo.v2"
  packages = [
    ".",
    "bson",
    "internal/json",
    "internal/sasl",
    "internal/scram"
  ]
  revision = "9856a29383ce1c59f308dd1cf0363a79b5bef6b5"

[[projects]]
  name = "pack.ag/amqp"
  packages = [
    ".",
    "internal/testconn"
  ]
  revision = "a69a1d51f8e7b55567f8d190a8fab04503a97735"
  version = "v0.11.0"

[solve-meta]
  analyzer-name = "dep"
  analyzer-version = 1
  inputs-digest = "739bd97458fb77671c84908be36cf58fd7e07fa3c070b3fa42fc9e5dfe9a502e"
  solver-name = "gps-cdcl"
  solver-version = 1
