dependencies:
- alias: ""
  condition: ""
  enabled: false
  import-values: null
  name: redis
  repository: https://kubernetes-charts.storage.googleapis.com/
  tags: null
  version: 0.10.0
digest: sha256:3b216b89bc3fcf5111a51b100117ffba80e3895de671749c7a97bd72f5225a3b
generated: 2017-09-06T14:04:39.498951137-07:00
